
Microsoft Visual Studio Solution File, Format Version 12.00
# Visual Studio 15
VisualStudioVersion = 15.0.27428.2015
MinimumVisualStudioVersion = 10.0.40219.1
Project("{9A19103F-16F7-4668-BE54-9A1E7A4F7556}") = "EventGrid", "EventGrid.csproj", "{B3F534AC-DDE6-438C-BDFB-DE67645C7A7A}"
EndProject
Global
	GlobalSection(SolutionConfigurationPlatforms) = preSolution
		Debug|Any CPU = Debug|Any CPU
		Release|Any CPU = Release|Any CPU
	EndGlobalSection
	GlobalSection(ProjectConfigurationPlatforms) = postSolution
		{B3F534AC-DDE6-438C-BDFB-DE67645C7A7A}.Debug|Any CPU.ActiveCfg = Debug|Any CPU
		{B3F534AC-DDE6-438C-BDFB-DE67645C7A7A}.Debug|Any CPU.Build.0 = Debug|Any CPU
		{B3F534AC-DDE6-438C-BDFB-DE67645C7A7A}.Release|Any CPU.ActiveCfg = Release|Any CPU
		{B3F534AC-DDE6-438C-BDFB-DE67645C7A7A}.Release|Any CPU.Build.0 = Release|Any CPU
	EndGlobalSection
	GlobalSection(SolutionProperties) = preSolution
		HideSolutionNode = FALSE
	EndGlobalSection
	GlobalSection(ExtensibilityGlobals) = postSolution
		SolutionGuid = {CC334198-5816-4947-8E8A-0C1D4C945952}
	EndGlobalSection
EndGlobal
